
Microsoft Visual Studio Solution File, Format Version 12.00
# Visual Studio Version 17
VisualStudioVersion = 17.13.35825.156 d17.13
MinimumVisualStudioVersion = 10.0.40219.1
Project("{FAE04EC0-301F-11D3-BF4B-00C04F79EFBC}") = "DiagnosticApp", "DiagnosticApp.csproj", "{421A9721-AC8A-444B-829D-02197AAE499F}"
EndProject
Global
	GlobalSection(SolutionConfigurationPlatforms) = preSolution
		Debug|Any CPU = Debug|Any CPU
		Release|Any CPU = Release|Any CPU
	EndGlobalSection
	GlobalSection(ProjectConfigurationPlatforms) = postSolution
		{421A9721-AC8A-444B-829D-02197AAE499F}.Debug|Any CPU.ActiveCfg = Debug|Any CPU
		{421A9721-AC8A-444B-829D-02197AAE499F}.Debug|Any CPU.Build.0 = Debug|Any CPU
		{421A9721-AC8A-444B-829D-02197AAE499F}.Release|Any CPU.ActiveCfg = Release|Any CPU
		{421A9721-AC8A-444B-829D-02197AAE499F}.Release|Any CPU.Build.0 = Release|Any CPU
	EndGlobalSection
	GlobalSection(SolutionProperties) = preSolution
		HideSolutionNode = FALSE
	EndGlobalSection
	GlobalSection(ExtensibilityGlobals) = postSolution
		SolutionGuid = {D610B02F-92B4-499E-ABBB-F7905BE8A94E}
	EndGlobalSection
EndGlobal
